Microsoft Visual Studio Solution File, Format Version 11.00
# Visual Studio 2008

Project("{E101E113-185C-1CC2-E0E2-1AFA0A7EA09E}") = "Wave Guy Thing", "Assembly-CSharp.csproj", "{C2481A61-00EB-1ED8-445A-7073D07752EB}"
EndProject
Global
	GlobalSection(SolutionConfigurationPlatforms) = preSolution
		Debug|Any CPU = Debug|Any CPU
		Release|Any CPU = Release|Any CPU
	EndGlobalSection
	GlobalSection(ProjectConfigurationPlatforms) = postSolution
		{C2481A61-00EB-1ED8-445A-7073D07752EB}.Debug|Any CPU.ActiveCfg = Debug|Any CPU
		{C2481A61-00EB-1ED8-445A-7073D07752EB}.Debug|Any CPU.Build.0 = Debug|Any CPU
		{C2481A61-00EB-1ED8-445A-7073D07752EB}.Release|Any CPU.ActiveCfg = Release|Any CPU
		{C2481A61-00EB-1ED8-445A-7073D07752EB}.Release|Any CPU.Build.0 = Release|Any CPU
	EndGlobalSection
	GlobalSection(SolutionProperties) = preSolution
		HideSolutionNode = FALSE
	EndGlobalSection
	GlobalSection(MonoDevelopProperties) = preSolution
		StartupItem = Assembly-CSharp.csproj
	EndGlobalSection
EndGlobal
